# This file is automatically @generated by Cargo.
# It is not intended for manual editing.
version = 4

[[package]]
name = "agents"
version = "0.5.0"

[[package]]
name = "decomposer"
version = "0.5.0"

[[package]]
name = "derive"
version = "0.5.0"

[[package]]
name = "domain"
version = "0.5.0"

[[package]]
name = "integrator"
version = "0.5.0"

[[package]]
name = "ipc"
version = "0.5.0"

[[package]]
name = "loopr"
version = "0.5.0"

[[package]]
name = "runtime"
version = "0.5.0"
